
Microsoft Visual Studio Solution File, Format Version 12.00
# Visual Studio Version 17
VisualStudioVersion = 17.11.35327.3
MinimumVisualStudioVersion = 10.0.40219.1
Project("{FAE04EC0-301F-11D3-BF4B-00C04F79EFBC}") = "ConsoleApp2", "ConsoleApp2\ConsoleApp2.csproj", "{3928138C-283B-4F5F-8BDA-C2D1EE8C4B93}"
EndProject
Global
	GlobalSection(SolutionConfigurationPlatforms) = preSolution
		Debug|Any CPU = Debug|Any CPU
		Release|Any CPU = Release|Any CPU
	EndGlobalSection
	GlobalSection(ProjectConfigurationPlatforms) = postSolution
		{3928138C-283B-4F5F-8BDA-C2D1EE8C4B93}.Debug|Any CPU.ActiveCfg = Debug|Any CPU
		{3928138C-283B-4F5F-8BDA-C2D1EE8C4B93}.Debug|Any CPU.Build.0 = Debug|Any CPU
		{3928138C-283B-4F5F-8BDA-C2D1EE8C4B93}.Release|Any CPU.ActiveCfg = Release|Any CPU
		{3928138C-283B-4F5F-8BDA-C2D1EE8C4B93}.Release|Any CPU.Build.0 = Release|Any CPU
	EndGlobalSection
	GlobalSection(SolutionProperties) = preSolution
		HideSolutionNode = FALSE
	EndGlobalSection
	GlobalSection(ExtensibilityGlobals) = postSolution
		SolutionGuid = {275CAF6E-0610-4FF6-9A48-60219FDA430A}
	EndGlobalSection
EndGlobal
